lockfileVersion: '9.0'

settings:
  autoInstallPeers: true
  excludeLinksFromLockfile: false

importers:

  .:
    dependencies:
      '@inquirer/select':
        specifier: ^5.0.4
        version: 5.0.4(@types/node@25.1.0)
      commander:
        specifier: ^14.0.2
        version: 14.0.2
    devDependencies:
      '@types/bun':
        specifier: latest
        version: 1.3.7

packages:

  '@inquirer/ansi@2.0.3':
    resolution: {integrity: sha512-g44zhR3NIKVs0zUesa4iMzExmZpLUdTLRMCStqX3GE5NT6VkPcxQGJ+uC8tDgBUC/vB1rUhUd55cOf++4NZcmw==}
    engines: {node: '>=23.5.0 || ^22.13.0 || ^21.7.0 || ^20.12.0'}

  '@inquirer/core@11.1.1':
    resolution: {integrity: sha512-hV9o15UxX46OyQAtaoMqAOxGR8RVl1aZtDx1jHbCtSJy1tBdTfKxLPKf7utsE4cRy4tcmCQ4+vdV+ca+oNxqNA==}
    engines: {node: '>=23.5.0 || ^22.13.0 || ^21.7.0 || ^20.12.0'}
    peerDependencies:
      '@types/node': '>=18'
    peerDependenciesMeta:
      '@types/node':
        optional: true

  '@inquirer/figures@2.0.3':
    resolution: {integrity: sha512-y09iGt3JKoOCBQ3w4YrSJdokcD8ciSlMIWsD+auPu+OZpfxLuyz+gICAQ6GCBOmJJt4KEQGHuZSVff2jiNOy7g==}
    engines: {node: '>=23.5.0 || ^22.13.0 || ^21.7.0 || ^20.12.0'}

  '@inquirer/select@5.0.4':
    resolution: {integrity: sha512-s8KoGpPYMEQ6WXc0dT9blX2NtIulMdLOO3LA1UKOiv7KFWzlJ6eLkEYTDBIi+JkyKXyn8t/CD6TinxGjyLt57g==}
    engines: {node: '>=23.5.0 || ^22.13.0 || ^21.7.0 || ^20.12.0'}
    peerDependencies:
      '@types/node': '>=18'
    peerDependenciesMeta:
      '@types/node':
        optional: true

  '@inquirer/type@4.0.3':
    resolution: {integrity: sha512-cKZN7qcXOpj1h+1eTTcGDVLaBIHNMT1Rz9JqJP5MnEJ0JhgVWllx7H/tahUp5YEK1qaByH2Itb8wLG/iScD5kw==}
    engines: {node: '>=23.5.0 || ^22.13.0 || ^21.7.0 || ^20.12.0'}
    peerDependencies:
      '@types/node': '>=18'
    peerDependenciesMeta:
      '@types/node':
        optional: true

  '@types/bun@1.3.7':
    resolution: {integrity: sha512-lmNuMda+Z9b7tmhA0tohwy8ZWFSnmQm1UDWXtH5r9F7wZCfkeO3Jx7wKQ1EOiKq43yHts7ky6r8SDJQWRNupkA==}

  '@types/node@25.1.0':
    resolution: {integrity: sha512-t7frlewr6+cbx+9Ohpl0NOTKXZNV9xHRmNOvql47BFJKcEG1CxtxlPEEe+gR9uhVWM4DwhnvTF110mIL4yP9RA==}

  ansi-regex@6.2.2:
    resolution: {integrity: sha512-Bq3SmSpyFHaWjPk8If9yc6svM8c56dB5BAtW4Qbw5jHTwwXXcTLoRMkpDJp6VL0XzlWaCHTXrkFURMYmD0sLqg==}
    engines: {node: '>=12'}

  ansi-styles@6.2.3:
    resolution: {integrity: sha512-4Dj6M28JB+oAH8kFkTLUo+a2jwOFkuqb3yucU0CANcRRUbxS0cP0nZYCGjcc3BNXwRIsUVmDGgzawme7zvJHvg==}
    engines: {node: '>=12'}

  bun-types@1.3.7:
    resolution: {integrity: sha512-qyschsA03Qz+gou+apt6HNl6HnI+sJJLL4wLDke4iugsE6584CMupOtTY1n+2YC9nGVrEKUlTs99jjRLKgWnjQ==}

  cli-width@4.1.0:
    resolution: {integrity: sha512-ouuZd4/dm2Sw5Gmqy6bGyNNNe1qt9RpmxveLSO7KcgsTnU7RXfsw+/bukWGo1abgBiMAic068rclZsO4IWmmxQ==}
    engines: {node: '>= 12'}

  commander@14.0.2:
    resolution: {integrity: sha512-TywoWNNRbhoD0BXs1P3ZEScW8W5iKrnbithIl0YH+uCmBd0QpPOA8yc82DS3BIE5Ma6FnBVUsJ7wVUDz4dvOWQ==}
    engines: {node: '>=20'}

  emoji-regex@10.6.0:
    resolution: {integrity: sha512-toUI84YS5YmxW219erniWD0CIVOo46xGKColeNQRgOzDorgBi1v4D71/OFzgD9GO2UGKIv1C3Sp8DAn0+j5w7A==}

  get-east-asian-width@1.4.0:
    resolution: {integrity: sha512-QZjmEOC+IT1uk6Rx0sX22V6uHWVwbdbxf1faPqJ1QhLdGgsRGCZoyaQBm/piRdJy/D2um6hM1UP7ZEeQ4EkP+Q==}
    engines: {node: '>=18'}

  mute-stream@3.0.0:
    resolution: {integrity: sha512-dkEJPVvun4FryqBmZ5KhDo0K9iDXAwn08tMLDinNdRBNPcYEDiWYysLcc6k3mjTMlbP9KyylvRpd4wFtwrT9rw==}
    engines: {node: ^20.17.0 || >=22.9.0}

  signal-exit@4.1.0:
    resolution: {integrity: sha512-bzyZ1e88w9O1iNJbKnOlvYTrWPDl46O1bG0D3XInv+9tkPrxrN8jUUTiFlDkkmKWgn1M6CfIA13SuGqOa9Korw==}
    engines: {node: '>=14'}

  string-width@7.2.0:
    resolution: {integrity: sha512-tsaTIkKW9b4N+AEj+SVA+WhJzV7/zMhcSu78mLKWSk7cXMOSHsBKFWUs0fWwq8QyK3MgJBQRX6Gbi4kYbdvGkQ==}
    engines: {node: '>=18'}

  strip-ansi@7.1.2:
    resolution: {integrity: sha512-gmBGslpoQJtgnMAvOVqGZpEz9dyoKTCzy2nfz/n8aIFhN/jCE/rCmcxabB6jOOHV+0WNnylOxaxBQPSvcWklhA==}
    engines: {node: '>=12'}

  undici-types@7.16.0:
    resolution: {integrity: sha512-Zz+aZWSj8LE6zoxD+xrjh4VfkIG8Ya6LvYkZqtUQGJPZjYl53ypCaUwWqo7eI0x66KBGeRo+mlBEkMSeSZ38Nw==}

  wrap-ansi@9.0.2:
    resolution: {integrity: sha512-42AtmgqjV+X1VpdOfyTGOYRi0/zsoLqtXQckTmqTeybT+BDIbM/Guxo7x3pE2vtpr1ok6xRqM9OpBe+Jyoqyww==}
    engines: {node: '>=18'}

snapshots:

  '@inquirer/ansi@2.0.3': {}

  '@inquirer/core@11.1.1(@types/node@25.1.0)':
    dependencies:
      '@inquirer/ansi': 2.0.3
      '@inquirer/figures': 2.0.3
      '@inquirer/type': 4.0.3(@types/node@25.1.0)
      cli-width: 4.1.0
      mute-stream: 3.0.0
      signal-exit: 4.1.0
      wrap-ansi: 9.0.2
    optionalDependencies:
      '@types/node': 25.1.0

  '@inquirer/figures@2.0.3': {}

  '@inquirer/select@5.0.4(@types/node@25.1.0)':
    dependencies:
      '@inquirer/ansi': 2.0.3
      '@inquirer/core': 11.1.1(@types/node@25.1.0)
      '@inquirer/figures': 2.0.3
      '@inquirer/type': 4.0.3(@types/node@25.1.0)
    optionalDependencies:
      '@types/node': 25.1.0

  '@inquirer/type@4.0.3(@types/node@25.1.0)':
    optionalDependencies:
      '@types/node': 25.1.0

  '@types/bun@1.3.7':
    dependencies:
      bun-types: 1.3.7

  '@types/node@25.1.0':
    dependencies:
      undici-types: 7.16.0

  ansi-regex@6.2.2: {}

  ansi-styles@6.2.3: {}

  bun-types@1.3.7:
    dependencies:
      '@types/node': 25.1.0

  cli-width@4.1.0: {}

  commander@14.0.2: {}

  emoji-regex@10.6.0: {}

  get-east-asian-width@1.4.0: {}

  mute-stream@3.0.0: {}

  signal-exit@4.1.0: {}

  string-width@7.2.0:
    dependencies:
      emoji-regex: 10.6.0
      get-east-asian-width: 1.4.0
      strip-ansi: 7.1.2

  strip-ansi@7.1.2:
    dependencies:
      ansi-regex: 6.2.2

  undici-types@7.16.0: {}

  wrap-ansi@9.0.2:
    dependencies:
      ansi-styles: 6.2.3
      string-width: 7.2.0
      strip-ansi: 7.1.2
